
Microsoft Visual Studio Solution File, Format Version 12.00
# Visual Studio Version 16
VisualStudioVersion = 16.0.30104.148
MinimumVisualStudioVersion = 10.0.40219.1
Project("{FAE04EC0-301F-11D3-BF4B-00C04F79EFBC}") = "WebApplicationCore", "WebApplicationCore\WebApplicationCore.csproj", "{9991DC80-B090-45AA-97B5-2CF4CF7566D9}"
EndProject
Global
	GlobalSection(SolutionConfigurationPlatforms) = preSolution
		Debug|Any CPU = Debug|Any CPU
		Release|Any CPU = Release|Any CPU
	EndGlobalSection
	GlobalSection(ProjectConfigurationPlatforms) = postSolution
		{9991DC80-B090-45AA-97B5-2CF4CF7566D9}.Debug|Any CPU.ActiveCfg = Debug|Any CPU
		{9991DC80-B090-45AA-97B5-2CF4CF7566D9}.Debug|Any CPU.Build.0 = Debug|Any CPU
		{9991DC80-B090-45AA-97B5-2CF4CF7566D9}.Release|Any CPU.ActiveCfg = Release|Any CPU
		{9991DC80-B090-45AA-97B5-2CF4CF7566D9}.Release|Any CPU.Build.0 = Release|Any CPU
	EndGlobalSection
	GlobalSection(SolutionProperties) = preSolution
		HideSolutionNode = FALSE
	EndGlobalSection
	GlobalSection(ExtensibilityGlobals) = postSolution
		SolutionGuid = {6BCB7CE0-8F4A-418B-9C24-03C2547AD80F}
	EndGlobalSection
EndGlobal
